
Microsoft Visual Studio Solution File, Format Version 12.00
# Visual Studio Version 17
VisualStudioVersion = 17.4.33122.133
MinimumVisualStudioVersion = 10.0.40219.1
Project("{F2A71F9B-5D33-465A-A702-920D77279786}") = "FSharp_1201619", "FSharp_1201619\FSharp_1201619.fsproj", "{5D6B7092-5BD3-47BC-B8FE-056405D950D4}"
EndProject
Global
	GlobalSection(SolutionConfigurationPlatforms) = preSolution
		Debug|Any CPU = Debug|Any CPU
		Release|Any CPU = Release|Any CPU
	EndGlobalSection
	GlobalSection(ProjectConfigurationPlatforms) = postSolution
		{5D6B7092-5BD3-47BC-B8FE-056405D950D4}.Debug|Any CPU.ActiveCfg = Debug|Any CPU
		{5D6B7092-5BD3-47BC-B8FE-056405D950D4}.Debug|Any CPU.Build.0 = Debug|Any CPU
		{5D6B7092-5BD3-47BC-B8FE-056405D950D4}.Release|Any CPU.ActiveCfg = Release|Any CPU
		{5D6B7092-5BD3-47BC-B8FE-056405D950D4}.Release|Any CPU.Build.0 = Release|Any CPU
	EndGlobalSection
	GlobalSection(SolutionProperties) = preSolution
		HideSolutionNode = FALSE
	EndGlobalSection
	GlobalSection(ExtensibilityGlobals) = postSolution
		SolutionGuid = {53477D26-BA9D-4528-8694-4037C24BFC2F}
	EndGlobalSection
EndGlobal
